{
  "name": "ScriptopiaCode2.0",
  "lockfileVersion": 3,
  "requires": true,
  "packages": {
    "": {
      "dependencies": {
        "quill-delta-to-plaintext": "^1.0.0"
      }
    },
    "node_modules/quill-delta-to-plaintext": {
      "version": "1.0.0",
      "resolved": "https://registry.npmjs.org/quill-delta-to-plaintext/-/quill-delta-to-plaintext-1.0.0.tgz",
      "integrity": "sha512-KxZNYHgXYPi4bOgzSgPWbdQcodNY3WOgyunPMvWkTYX1I+tJNUFE1eBTNdbXGxHSAT+VQHChtu5JQ8eU5ZDeng=="
    }
  }
}
